
Microsoft Visual Studio Solution File, Format Version 12.00
# Visual Studio Version 16
VisualStudioVersion = 16.0.31702.278
MinimumVisualStudioVersion = 10.0.40219.1
Project("{2150E333-8FDC-42A3-9474-1A3956D46DE8}") = "src", "src", "{498A666D-E625-4DE4-96A4-E41DDF91C580}"
EndProject
Project("{9A19103F-16F7-4668-BE54-9A1E7A4F7556}") = "DvlDevTools.Http", "DvlDevTools.Http\DvlDevTools.Http.csproj", "{CD657646-4792-4EA4-BA76-A5D4DC157BBF}"
EndProject
Project("{2150E333-8FDC-42A3-9474-1A3956D46DE8}") = "tests", "tests", "{F919D031-1086-4994-909E-6123FF40CE57}"
EndProject
Project("{9A19103F-16F7-4668-BE54-9A1E7A4F7556}") = "DvlDevTools.Http.Test", "tests\DvlDevTools.Http.Test\DvlDevTools.Http.Test.csproj", "{FB84C2D2-ECFA-4552-A830-7F7D98E0783C}"
EndProject
Project("{9A19103F-16F7-4668-BE54-9A1E7A4F7556}") = "DvlDevTools.ProcessRunPython", "src\DvlDevTools.ProcessRunPython\DvlDevTools.ProcessRunPython.csproj", "{D70E026A-66C8-484C-809F-DBEA440D63E5}"
EndProject
Project("{2150E333-8FDC-42A3-9474-1A3956D46DE8}") = "samples", "samples", "{15370362-C420-434F-9FF6-7F7BE30ECCD2}"
EndProject
Project("{FAE04EC0-301F-11D3-BF4B-00C04F79EFBC}") = "RazorWebApplication", "src\samples\RazorWebApplication\RazorWebApplication.csproj", "{95479E4B-9DAF-48D2-B4FC-26442B48FD84}"
EndProject
Global
	GlobalSection(SolutionConfigurationPlatforms) = preSolution
		Debug|Any CPU = Debug|Any CPU
		Release|Any CPU = Release|Any CPU
	EndGlobalSection
	GlobalSection(ProjectConfigurationPlatforms) = postSolution
		{CD657646-4792-4EA4-BA76-A5D4DC157BBF}.Debug|Any CPU.ActiveCfg = Debug|Any CPU
		{CD657646-4792-4EA4-BA76-A5D4DC157BBF}.Debug|Any CPU.Build.0 = Debug|Any CPU
		{CD657646-4792-4EA4-BA76-A5D4DC157BBF}.Release|Any CPU.ActiveCfg = Release|Any CPU
		{CD657646-4792-4EA4-BA76-A5D4DC157BBF}.Release|Any CPU.Build.0 = Release|Any CPU
		{FB84C2D2-ECFA-4552-A830-7F7D98E0783C}.Debug|Any CPU.ActiveCfg = Debug|Any CPU
		{FB84C2D2-ECFA-4552-A830-7F7D98E0783C}.Debug|Any CPU.Build.0 = Debug|Any CPU
		{FB84C2D2-ECFA-4552-A830-7F7D98E0783C}.Release|Any CPU.ActiveCfg = Release|Any CPU
		{FB84C2D2-ECFA-4552-A830-7F7D98E0783C}.Release|Any CPU.Build.0 = Release|Any CPU
		{D70E026A-66C8-484C-809F-DBEA440D63E5}.Debug|Any CPU.ActiveCfg = Debug|Any CPU
		{D70E026A-66C8-484C-809F-DBEA440D63E5}.Debug|Any CPU.Build.0 = Debug|Any CPU
		{D70E026A-66C8-484C-809F-DBEA440D63E5}.Release|Any CPU.ActiveCfg = Release|Any CPU
		{D70E026A-66C8-484C-809F-DBEA440D63E5}.Release|Any CPU.Build.0 = Release|Any CPU
		{95479E4B-9DAF-48D2-B4FC-26442B48FD84}.Debug|Any CPU.ActiveCfg = Debug|Any CPU
		{95479E4B-9DAF-48D2-B4FC-26442B48FD84}.Debug|Any CPU.Build.0 = Debug|Any CPU
		{95479E4B-9DAF-48D2-B4FC-26442B48FD84}.Release|Any CPU.ActiveCfg = Release|Any CPU
		{95479E4B-9DAF-48D2-B4FC-26442B48FD84}.Release|Any CPU.Build.0 = Release|Any CPU
	EndGlobalSection
	GlobalSection(SolutionProperties) = preSolution
		HideSolutionNode = FALSE
	EndGlobalSection
	GlobalSection(NestedProjects) = preSolution
		{CD657646-4792-4EA4-BA76-A5D4DC157BBF} = {498A666D-E625-4DE4-96A4-E41DDF91C580}
		{FB84C2D2-ECFA-4552-A830-7F7D98E0783C} = {F919D031-1086-4994-909E-6123FF40CE57}
		{D70E026A-66C8-484C-809F-DBEA440D63E5} = {498A666D-E625-4DE4-96A4-E41DDF91C580}
		{15370362-C420-434F-9FF6-7F7BE30ECCD2} = {498A666D-E625-4DE4-96A4-E41DDF91C580}
		{95479E4B-9DAF-48D2-B4FC-26442B48FD84} = {15370362-C420-434F-9FF6-7F7BE30ECCD2}
	EndGlobalSection
	GlobalSection(ExtensibilityGlobals) = postSolution
		SolutionGuid = {9FAF0032-14D0-4E4C-B2E1-38C10B492D1B}
	EndGlobalSection
EndGlobal
